{
  "name": "@royalpinto007/skill-audit",
  "version": "0.1.6",
  "lockfileVersion": 3,
  "requires": true,
  "packages": {
    "": {
      "name": "@royalpinto007/skill-audit",
      "version": "0.1.6",
      "license": "MIT",
      "bin": {
        "skill-audit": "bin/skill-audit.js"
      },
      "engines": {
        "node": ">=18"
      }
    }
  }
}
